
Microsoft Visual Studio Solution File, Format Version 12.00
Project("{FAE04EC0-301F-11D3-BF4B-00C04F79EFBC}") = "FruityScale.App", "FruityScale.App\FruityScale.App.csproj", "{B78EA1E9-650F-4F2D-A124-3A08542178A3}"
EndProject
Project("{FAE04EC0-301F-11D3-BF4B-00C04F79EFBC}") = "FruityScale.Domain", "FruityScale.Domain\FruityScale.Domain.csproj", "{DB7FF6FE-3EAB-4F7C-AA0C-C5536BECC6B5}"
EndProject
Project("{FAE04EC0-301F-11D3-BF4B-00C04F79EFBC}") = "FruityScale.Application", "FruityScale.Application\FruityScale.Application.csproj", "{DABFB636-56C4-4098-BA29-DA7C6CDB2BC3}"
EndProject
Project("{FAE04EC0-301F-11D3-BF4B-00C04F79EFBC}") = "FruityScale.Infrastructure", "FruityScale.Infrastructure\FruityScale.Infrastructure.csproj", "{61786255-FE4F-4361-B6C4-2CE474F27E28}"
EndProject
Project("{FAE04EC0-301F-11D3-BF4B-00C04F79EFBC}") = "FruityScale.Presentation", "FruityScale.Presentation\FruityScale.Presentation.csproj", "{1E642815-8491-45CA-876A-808FB367D490}"
EndProject
Project("{FAE04EC0-301F-11D3-BF4B-00C04F79EFBC}") = "FruityScale.Tests", "FruityScale.Tests\FruityScale.Tests.csproj", "{9C5285AF-DD4D-477D-999C-6FB6FBC1985C}"
	ProjectSection(ProjectDependencies) = postProject
		{DB7FF6FE-3EAB-4F7C-AA0C-C5536BECC6B5} = {DB7FF6FE-3EAB-4F7C-AA0C-C5536BECC6B5}
	EndProjectSection
EndProject
Global
	GlobalSection(SolutionConfigurationPlatforms) = preSolution
		Debug|Any CPU = Debug|Any CPU
		Release|Any CPU = Release|Any CPU
	EndGlobalSection
	GlobalSection(ProjectConfigurationPlatforms) = postSolution
		{B78EA1E9-650F-4F2D-A124-3A08542178A3}.Debug|Any CPU.ActiveCfg = Debug|Any CPU
		{B78EA1E9-650F-4F2D-A124-3A08542178A3}.Debug|Any CPU.Build.0 = Debug|Any CPU
		{B78EA1E9-650F-4F2D-A124-3A08542178A3}.Release|Any CPU.ActiveCfg = Release|Any CPU
		{B78EA1E9-650F-4F2D-A124-3A08542178A3}.Release|Any CPU.Build.0 = Release|Any CPU
		{DB7FF6FE-3EAB-4F7C-AA0C-C5536BECC6B5}.Debug|Any CPU.ActiveCfg = Debug|Any CPU
		{DB7FF6FE-3EAB-4F7C-AA0C-C5536BECC6B5}.Debug|Any CPU.Build.0 = Debug|Any CPU
		{DB7FF6FE-3EAB-4F7C-AA0C-C5536BECC6B5}.Release|Any CPU.ActiveCfg = Release|Any CPU
		{DB7FF6FE-3EAB-4F7C-AA0C-C5536BECC6B5}.Release|Any CPU.Build.0 = Release|Any CPU
		{DABFB636-56C4-4098-BA29-DA7C6CDB2BC3}.Debug|Any CPU.ActiveCfg = Debug|Any CPU
		{DABFB636-56C4-4098-BA29-DA7C6CDB2BC3}.Debug|Any CPU.Build.0 = Debug|Any CPU
		{DABFB636-56C4-4098-BA29-DA7C6CDB2BC3}.Release|Any CPU.ActiveCfg = Release|Any CPU
		{DABFB636-56C4-4098-BA29-DA7C6CDB2BC3}.Release|Any CPU.Build.0 = Release|Any CPU
		{61786255-FE4F-4361-B6C4-2CE474F27E28}.Debug|Any CPU.ActiveCfg = Debug|Any CPU
		{61786255-FE4F-4361-B6C4-2CE474F27E28}.Debug|Any CPU.Build.0 = Debug|Any CPU
		{61786255-FE4F-4361-B6C4-2CE474F27E28}.Release|Any CPU.ActiveCfg = Release|Any CPU
		{61786255-FE4F-4361-B6C4-2CE474F27E28}.Release|Any CPU.Build.0 = Release|Any CPU
		{1E642815-8491-45CA-876A-808FB367D490}.Debug|Any CPU.ActiveCfg = Debug|Any CPU
		{1E642815-8491-45CA-876A-808FB367D490}.Debug|Any CPU.Build.0 = Debug|Any CPU
		{1E642815-8491-45CA-876A-808FB367D490}.Release|Any CPU.ActiveCfg = Release|Any CPU
		{1E642815-8491-45CA-876A-808FB367D490}.Release|Any CPU.Build.0 = Release|Any CPU
		{9C5285AF-DD4D-477D-999C-6FB6FBC1985C}.Debug|Any CPU.ActiveCfg = Debug|Any CPU
		{9C5285AF-DD4D-477D-999C-6FB6FBC1985C}.Debug|Any CPU.Build.0 = Debug|Any CPU
		{9C5285AF-DD4D-477D-999C-6FB6FBC1985C}.Release|Any CPU.ActiveCfg = Release|Any CPU
		{9C5285AF-DD4D-477D-999C-6FB6FBC1985C}.Release|Any CPU.Build.0 = Release|Any CPU
	EndGlobalSection
EndGlobal
